
Microsoft Visual Studio Solution File, Format Version 12.00
# Visual Studio 15
VisualStudioVersion = 15.0.27004.2006
MinimumVisualStudioVersion = 10.0.40219.1
Project("{FAE04EC0-301F-11D3-BF4B-00C04F79EFBC}") = "First", "First\First.csproj", "{A6C0A9E5-7012-4884-9BDB-95A941A3C24C}"
EndProject
Project("{FAE04EC0-301F-11D3-BF4B-00C04F79EFBC}") = "Second", "Second\Second.csproj", "{7628F66C-7DD4-4B7A-9DFC-C16DCAAFB111}"
EndProject
Project("{FAE04EC0-301F-11D3-BF4B-00C04F79EFBC}") = "Third", "Third\Third.csproj", "{C3114DF0-D442-4E22-94E1-8C975FAED1EE}"
EndProject
Project("{FAE04EC0-301F-11D3-BF4B-00C04F79EFBC}") = "Forth", "Forth\Forth.csproj", "{FB474814-C0BD-4FE6-82D3-16730F3A65A0}"
EndProject
Project("{FAE04EC0-301F-11D3-BF4B-00C04F79EFBC}") = "Fifth", "Fifth\Fifth.csproj", "{B93EDCA0-9359-4404-BEFA-7C797AD7ACB3}"
EndProject
Project("{FAE04EC0-301F-11D3-BF4B-00C04F79EFBC}") = "Sixth", "Sixth\Sixth.csproj", "{4FD7E09F-E5D8-453C-9CCF-FE5A64F56F8A}"
EndProject
Global
	GlobalSection(SolutionConfigurationPlatforms) = preSolution
		Debug|Any CPU = Debug|Any CPU
		Release|Any CPU = Release|Any CPU
	EndGlobalSection
	GlobalSection(ProjectConfigurationPlatforms) = postSolution
		{A6C0A9E5-7012-4884-9BDB-95A941A3C24C}.Debug|Any CPU.ActiveCfg = Debug|Any CPU
		{A6C0A9E5-7012-4884-9BDB-95A941A3C24C}.Debug|Any CPU.Build.0 = Debug|Any CPU
		{A6C0A9E5-7012-4884-9BDB-95A941A3C24C}.Release|Any CPU.ActiveCfg = Release|Any CPU
		{A6C0A9E5-7012-4884-9BDB-95A941A3C24C}.Release|Any CPU.Build.0 = Release|Any CPU
		{7628F66C-7DD4-4B7A-9DFC-C16DCAAFB111}.Debug|Any CPU.ActiveCfg = Debug|Any CPU
		{7628F66C-7DD4-4B7A-9DFC-C16DCAAFB111}.Debug|Any CPU.Build.0 = Debug|Any CPU
		{7628F66C-7DD4-4B7A-9DFC-C16DCAAFB111}.Release|Any CPU.ActiveCfg = Release|Any CPU
		{7628F66C-7DD4-4B7A-9DFC-C16DCAAFB111}.Release|Any CPU.Build.0 = Release|Any CPU
		{C3114DF0-D442-4E22-94E1-8C975FAED1EE}.Debug|Any CPU.ActiveCfg = Debug|Any CPU
		{C3114DF0-D442-4E22-94E1-8C975FAED1EE}.Debug|Any CPU.Build.0 = Debug|Any CPU
		{C3114DF0-D442-4E22-94E1-8C975FAED1EE}.Release|Any CPU.ActiveCfg = Release|Any CPU
		{C3114DF0-D442-4E22-94E1-8C975FAED1EE}.Release|Any CPU.Build.0 = Release|Any CPU
		{FB474814-C0BD-4FE6-82D3-16730F3A65A0}.Debug|Any CPU.ActiveCfg = Debug|Any CPU
		{FB474814-C0BD-4FE6-82D3-16730F3A65A0}.Debug|Any CPU.Build.0 = Debug|Any CPU
		{FB474814-C0BD-4FE6-82D3-16730F3A65A0}.Release|Any CPU.ActiveCfg = Release|Any CPU
		{FB474814-C0BD-4FE6-82D3-16730F3A65A0}.Release|Any CPU.Build.0 = Release|Any CPU
		{B93EDCA0-9359-4404-BEFA-7C797AD7ACB3}.Debug|Any CPU.ActiveCfg = Debug|Any CPU
		{B93EDCA0-9359-4404-BEFA-7C797AD7ACB3}.Debug|Any CPU.Build.0 = Debug|Any CPU
		{B93EDCA0-9359-4404-BEFA-7C797AD7ACB3}.Release|Any CPU.ActiveCfg = Release|Any CPU
		{B93EDCA0-9359-4404-BEFA-7C797AD7ACB3}.Release|Any CPU.Build.0 = Release|Any CPU
		{4FD7E09F-E5D8-453C-9CCF-FE5A64F56F8A}.Debug|Any CPU.ActiveCfg = Debug|Any CPU
		{4FD7E09F-E5D8-453C-9CCF-FE5A64F56F8A}.Debug|Any CPU.Build.0 = Debug|Any CPU
		{4FD7E09F-E5D8-453C-9CCF-FE5A64F56F8A}.Release|Any CPU.ActiveCfg = Release|Any CPU
		{4FD7E09F-E5D8-453C-9CCF-FE5A64F56F8A}.Release|Any CPU.Build.0 = Release|Any CPU
	EndGlobalSection
	GlobalSection(SolutionProperties) = preSolution
		HideSolutionNode = FALSE
	EndGlobalSection
	GlobalSection(ExtensibilityGlobals) = postSolution
		SolutionGuid = {69510B66-20B9-40FF-9BC8-1A595F369FCC}
	EndGlobalSection
EndGlobal
