
Microsoft Visual Studio Solution File, Format Version 12.00
# Visual Studio 15
VisualStudioVersion = 15.0.28307.572
MinimumVisualStudioVersion = 10.0.40219.1
Project("{FAE04EC0-301F-11D3-BF4B-00C04F79EFBC}") = "GenericBoxOfString", "GenericBoxOfString\GenericBoxOfString.csproj", "{C9F7DB22-C45E-4856-BA10-429ACCDDC83A}"
EndProject
Global
	GlobalSection(SolutionConfigurationPlatforms) = preSolution
		Debug|Any CPU = Debug|Any CPU
		Release|Any CPU = Release|Any CPU
	EndGlobalSection
	GlobalSection(ProjectConfigurationPlatforms) = postSolution
		{C9F7DB22-C45E-4856-BA10-429ACCDDC83A}.Debug|Any CPU.ActiveCfg = Debug|Any CPU
		{C9F7DB22-C45E-4856-BA10-429ACCDDC83A}.Debug|Any CPU.Build.0 = Debug|Any CPU
		{C9F7DB22-C45E-4856-BA10-429ACCDDC83A}.Release|Any CPU.ActiveCfg = Release|Any CPU
		{C9F7DB22-C45E-4856-BA10-429ACCDDC83A}.Release|Any CPU.Build.0 = Release|Any CPU
	EndGlobalSection
	GlobalSection(SolutionProperties) = preSolution
		HideSolutionNode = FALSE
	EndGlobalSection
	GlobalSection(ExtensibilityGlobals) = postSolution
		SolutionGuid = {E79C67D3-AEF2-4DB4-BF5A-B9E164837C91}
	EndGlobalSection
EndGlobal
