
Microsoft Visual Studio Solution File, Format Version 12.00
# Visual Studio 15
VisualStudioVersion = 15.0.28307.271
MinimumVisualStudioVersion = 10.0.40219.1
Project("{9A19103F-16F7-4668-BE54-9A1E7A4F7556}") = "VaporWinterSale", "VaporWinterSale\VaporWinterSale.csproj", "{13D1F4AB-A797-4D93-A10C-A8803CF8DF84}"
EndProject
Project("{FAE04EC0-301F-11D3-BF4B-00C04F79EFBC}") = "ActivationKeys", "ActivationKeys\ActivationKeys.csproj", "{FCFF9C59-0FEC-4908-8A17-045C3CB3E0ED}"
EndProject
Global
	GlobalSection(SolutionConfigurationPlatforms) = preSolution
		Debug|Any CPU = Debug|Any CPU
		Release|Any CPU = Release|Any CPU
	EndGlobalSection
	GlobalSection(ProjectConfigurationPlatforms) = postSolution
		{13D1F4AB-A797-4D93-A10C-A8803CF8DF84}.Debug|Any CPU.ActiveCfg = Debug|Any CPU
		{13D1F4AB-A797-4D93-A10C-A8803CF8DF84}.Debug|Any CPU.Build.0 = Debug|Any CPU
		{13D1F4AB-A797-4D93-A10C-A8803CF8DF84}.Release|Any CPU.ActiveCfg = Release|Any CPU
		{13D1F4AB-A797-4D93-A10C-A8803CF8DF84}.Release|Any CPU.Build.0 = Release|Any CPU
		{FCFF9C59-0FEC-4908-8A17-045C3CB3E0ED}.Debug|Any CPU.ActiveCfg = Debug|Any CPU
		{FCFF9C59-0FEC-4908-8A17-045C3CB3E0ED}.Debug|Any CPU.Build.0 = Debug|Any CPU
		{FCFF9C59-0FEC-4908-8A17-045C3CB3E0ED}.Release|Any CPU.ActiveCfg = Release|Any CPU
		{FCFF9C59-0FEC-4908-8A17-045C3CB3E0ED}.Release|Any CPU.Build.0 = Release|Any CPU
	EndGlobalSection
	GlobalSection(SolutionProperties) = preSolution
		HideSolutionNode = FALSE
	EndGlobalSection
	GlobalSection(ExtensibilityGlobals) = postSolution
		SolutionGuid = {F51F8533-B705-4BE7-90BC-6AD312F618D6}
	EndGlobalSection
EndGlobal
