
Microsoft Visual Studio Solution File, Format Version 12.00
# Visual Studio 15
VisualStudioVersion = 15.0.28307.572
MinimumVisualStudioVersion = 10.0.40219.1
Project("{FAE04EC0-301F-11D3-BF4B-00C04F79EFBC}") = "Socks", "Socks\Socks.csproj", "{B27A7F35-D0DC-4878-BCED-052229C97926}"
EndProject
Project("{FAE04EC0-301F-11D3-BF4B-00C04F79EFBC}") = "ExcelFunctions", "ExcelFunctions\ExcelFunctions.csproj", "{7965BFC4-75ED-43F5-B67B-ADD94D755126}"
EndProject
Global
	GlobalSection(SolutionConfigurationPlatforms) = preSolution
		Debug|Any CPU = Debug|Any CPU
		Release|Any CPU = Release|Any CPU
	EndGlobalSection
	GlobalSection(ProjectConfigurationPlatforms) = postSolution
		{B27A7F35-D0DC-4878-BCED-052229C97926}.Debug|Any CPU.ActiveCfg = Debug|Any CPU
		{B27A7F35-D0DC-4878-BCED-052229C97926}.Debug|Any CPU.Build.0 = Debug|Any CPU
		{B27A7F35-D0DC-4878-BCED-052229C97926}.Release|Any CPU.ActiveCfg = Release|Any CPU
		{B27A7F35-D0DC-4878-BCED-052229C97926}.Release|Any CPU.Build.0 = Release|Any CPU
		{7965BFC4-75ED-43F5-B67B-ADD94D755126}.Debug|Any CPU.ActiveCfg = Debug|Any CPU
		{7965BFC4-75ED-43F5-B67B-ADD94D755126}.Debug|Any CPU.Build.0 = Debug|Any CPU
		{7965BFC4-75ED-43F5-B67B-ADD94D755126}.Release|Any CPU.ActiveCfg = Release|Any CPU
		{7965BFC4-75ED-43F5-B67B-ADD94D755126}.Release|Any CPU.Build.0 = Release|Any CPU
	EndGlobalSection
	GlobalSection(SolutionProperties) = preSolution
		HideSolutionNode = FALSE
	EndGlobalSection
	GlobalSection(ExtensibilityGlobals) = postSolution
		SolutionGuid = {45CF6013-D3A0-4B31-BED7-71A2E5604B03}
	EndGlobalSection
EndGlobal
