
Microsoft Visual Studio Solution File, Format Version 12.00
# Visual Studio 15
VisualStudioVersion = 15.0.28307.572
MinimumVisualStudioVersion = 10.0.40219.1
Project("{FAE04EC0-301F-11D3-BF4B-00C04F79EFBC}") = "Vehicles", "Vehicles\Vehicles.csproj", "{5A9D46FE-8A30-4EE1-8816-27BA2E70BBD3}"
EndProject
Project("{FAE04EC0-301F-11D3-BF4B-00C04F79EFBC}") = "WildFarm", "WildFarm\WildFarm.csproj", "{84C275F9-73AA-4C5C-BEEF-5BA94DB4BC1C}"
EndProject
Global
	GlobalSection(SolutionConfigurationPlatforms) = preSolution
		Debug|Any CPU = Debug|Any CPU
		Release|Any CPU = Release|Any CPU
	EndGlobalSection
	GlobalSection(ProjectConfigurationPlatforms) = postSolution
		{5A9D46FE-8A30-4EE1-8816-27BA2E70BBD3}.Debug|Any CPU.ActiveCfg = Debug|Any CPU
		{5A9D46FE-8A30-4EE1-8816-27BA2E70BBD3}.Debug|Any CPU.Build.0 = Debug|Any CPU
		{5A9D46FE-8A30-4EE1-8816-27BA2E70BBD3}.Release|Any CPU.ActiveCfg = Release|Any CPU
		{5A9D46FE-8A30-4EE1-8816-27BA2E70BBD3}.Release|Any CPU.Build.0 = Release|Any CPU
		{84C275F9-73AA-4C5C-BEEF-5BA94DB4BC1C}.Debug|Any CPU.ActiveCfg = Debug|Any CPU
		{84C275F9-73AA-4C5C-BEEF-5BA94DB4BC1C}.Debug|Any CPU.Build.0 = Debug|Any CPU
		{84C275F9-73AA-4C5C-BEEF-5BA94DB4BC1C}.Release|Any CPU.ActiveCfg = Release|Any CPU
		{84C275F9-73AA-4C5C-BEEF-5BA94DB4BC1C}.Release|Any CPU.Build.0 = Release|Any CPU
	EndGlobalSection
	GlobalSection(SolutionProperties) = preSolution
		HideSolutionNode = FALSE
	EndGlobalSection
	GlobalSection(ExtensibilityGlobals) = postSolution
		SolutionGuid = {40518EFB-CA95-416A-9D7C-6CACEB64920C}
	EndGlobalSection
EndGlobal
