
Microsoft Visual Studio Solution File, Format Version 12.00
# Visual Studio 15
VisualStudioVersion = 15.0.28307.572
MinimumVisualStudioVersion = 10.0.40219.1
Project("{FAE04EC0-301F-11D3-BF4B-00C04F79EFBC}") = "Operations", "Operations\Operations.csproj", "{282F7109-A002-4D1C-8C0F-F63A5296D43D}"
EndProject
Project("{FAE04EC0-301F-11D3-BF4B-00C04F79EFBC}") = "Animals", "Animals\Animals.csproj", "{59921993-DBD7-4675-8DDB-E16FCF02A0E1}"
EndProject
Project("{FAE04EC0-301F-11D3-BF4B-00C04F79EFBC}") = "Shapes", "Shapes\Shapes.csproj", "{3FA64E8A-2CEC-47B8-A76D-404E761675DB}"
EndProject
Global
	GlobalSection(SolutionConfigurationPlatforms) = preSolution
		Debug|Any CPU = Debug|Any CPU
		Release|Any CPU = Release|Any CPU
	EndGlobalSection
	GlobalSection(ProjectConfigurationPlatforms) = postSolution
		{282F7109-A002-4D1C-8C0F-F63A5296D43D}.Debug|Any CPU.ActiveCfg = Debug|Any CPU
		{282F7109-A002-4D1C-8C0F-F63A5296D43D}.Debug|Any CPU.Build.0 = Debug|Any CPU
		{282F7109-A002-4D1C-8C0F-F63A5296D43D}.Release|Any CPU.ActiveCfg = Release|Any CPU
		{282F7109-A002-4D1C-8C0F-F63A5296D43D}.Release|Any CPU.Build.0 = Release|Any CPU
		{59921993-DBD7-4675-8DDB-E16FCF02A0E1}.Debug|Any CPU.ActiveCfg = Debug|Any CPU
		{59921993-DBD7-4675-8DDB-E16FCF02A0E1}.Debug|Any CPU.Build.0 = Debug|Any CPU
		{59921993-DBD7-4675-8DDB-E16FCF02A0E1}.Release|Any CPU.ActiveCfg = Release|Any CPU
		{59921993-DBD7-4675-8DDB-E16FCF02A0E1}.Release|Any CPU.Build.0 = Release|Any CPU
		{3FA64E8A-2CEC-47B8-A76D-404E761675DB}.Debug|Any CPU.ActiveCfg = Debug|Any CPU
		{3FA64E8A-2CEC-47B8-A76D-404E761675DB}.Debug|Any CPU.Build.0 = Debug|Any CPU
		{3FA64E8A-2CEC-47B8-A76D-404E761675DB}.Release|Any CPU.ActiveCfg = Release|Any CPU
		{3FA64E8A-2CEC-47B8-A76D-404E761675DB}.Release|Any CPU.Build.0 = Release|Any CPU
	EndGlobalSection
	GlobalSection(SolutionProperties) = preSolution
		HideSolutionNode = FALSE
	EndGlobalSection
	GlobalSection(ExtensibilityGlobals) = postSolution
		SolutionGuid = {BFC6D4E2-7845-4D56-9E5E-CA6C7E0C77ED}
	EndGlobalSection
EndGlobal
