
Microsoft Visual Studio Solution File, Format Version 12.00
# Visual Studio 15
VisualStudioVersion = 15.0.28307.271
MinimumVisualStudioVersion = 10.0.40219.1
Project("{FAE04EC0-301F-11D3-BF4B-00C04F79EFBC}") = "CountSameValuesInArray", "CountSameValuesInArray\CountSameValuesInArray.csproj", "{DADB48D1-DA29-407F-AB2C-5EF04A9DAFD2}"
EndProject
Project("{FAE04EC0-301F-11D3-BF4B-00C04F79EFBC}") = "AverageStudentGrades", "AverageStudentGrades\AverageStudentGrades.csproj", "{1957B083-4D9F-45AC-9D0F-42CA3D1E092F}"
EndProject
Project("{FAE04EC0-301F-11D3-BF4B-00C04F79EFBC}") = "ProductShop", "ProductShop\ProductShop.csproj", "{3011E943-3E27-4201-A76F-ED72FD4F286C}"
EndProject
Project("{FAE04EC0-301F-11D3-BF4B-00C04F79EFBC}") = "CitiesByContinentAndCountry", "CitiesByContinentAndCountry\CitiesByContinentAndCountry.csproj", "{A3F81A43-993E-4926-83AE-50CA683748B6}"
EndProject
Project("{FAE04EC0-301F-11D3-BF4B-00C04F79EFBC}") = "RecordUniqueNames", "RecordUniqueNames\RecordUniqueNames.csproj", "{03860EA0-ADFD-4677-837B-4058D182C839}"
EndProject
Project("{FAE04EC0-301F-11D3-BF4B-00C04F79EFBC}") = "ParkingLot", "ParkingLot\ParkingLot.csproj", "{E792E4F8-1332-4A60-AAFF-68C4E94BCC02}"
EndProject
Project("{FAE04EC0-301F-11D3-BF4B-00C04F79EFBC}") = "SoftUniParty", "SoftUniParty\SoftUniParty.csproj", "{DC7453D3-1B9A-40D8-AB49-4F605ED66755}"
EndProject
Global
	GlobalSection(SolutionConfigurationPlatforms) = preSolution
		Debug|Any CPU = Debug|Any CPU
		Release|Any CPU = Release|Any CPU
	EndGlobalSection
	GlobalSection(ProjectConfigurationPlatforms) = postSolution
		{DADB48D1-DA29-407F-AB2C-5EF04A9DAFD2}.Debug|Any CPU.ActiveCfg = Debug|Any CPU
		{DADB48D1-DA29-407F-AB2C-5EF04A9DAFD2}.Debug|Any CPU.Build.0 = Debug|Any CPU
		{DADB48D1-DA29-407F-AB2C-5EF04A9DAFD2}.Release|Any CPU.ActiveCfg = Release|Any CPU
		{DADB48D1-DA29-407F-AB2C-5EF04A9DAFD2}.Release|Any CPU.Build.0 = Release|Any CPU
		{1957B083-4D9F-45AC-9D0F-42CA3D1E092F}.Debug|Any CPU.ActiveCfg = Debug|Any CPU
		{1957B083-4D9F-45AC-9D0F-42CA3D1E092F}.Debug|Any CPU.Build.0 = Debug|Any CPU
		{1957B083-4D9F-45AC-9D0F-42CA3D1E092F}.Release|Any CPU.ActiveCfg = Release|Any CPU
		{1957B083-4D9F-45AC-9D0F-42CA3D1E092F}.Release|Any CPU.Build.0 = Release|Any CPU
		{3011E943-3E27-4201-A76F-ED72FD4F286C}.Debug|Any CPU.ActiveCfg = Debug|Any CPU
		{3011E943-3E27-4201-A76F-ED72FD4F286C}.Debug|Any CPU.Build.0 = Debug|Any CPU
		{3011E943-3E27-4201-A76F-ED72FD4F286C}.Release|Any CPU.ActiveCfg = Release|Any CPU
		{3011E943-3E27-4201-A76F-ED72FD4F286C}.Release|Any CPU.Build.0 = Release|Any CPU
		{A3F81A43-993E-4926-83AE-50CA683748B6}.Debug|Any CPU.ActiveCfg = Debug|Any CPU
		{A3F81A43-993E-4926-83AE-50CA683748B6}.Debug|Any CPU.Build.0 = Debug|Any CPU
		{A3F81A43-993E-4926-83AE-50CA683748B6}.Release|Any CPU.ActiveCfg = Release|Any CPU
		{A3F81A43-993E-4926-83AE-50CA683748B6}.Release|Any CPU.Build.0 = Release|Any CPU
		{03860EA0-ADFD-4677-837B-4058D182C839}.Debug|Any CPU.ActiveCfg = Debug|Any CPU
		{03860EA0-ADFD-4677-837B-4058D182C839}.Debug|Any CPU.Build.0 = Debug|Any CPU
		{03860EA0-ADFD-4677-837B-4058D182C839}.Release|Any CPU.ActiveCfg = Release|Any CPU
		{03860EA0-ADFD-4677-837B-4058D182C839}.Release|Any CPU.Build.0 = Release|Any CPU
		{E792E4F8-1332-4A60-AAFF-68C4E94BCC02}.Debug|Any CPU.ActiveCfg = Debug|Any CPU
		{E792E4F8-1332-4A60-AAFF-68C4E94BCC02}.Debug|Any CPU.Build.0 = Debug|Any CPU
		{E792E4F8-1332-4A60-AAFF-68C4E94BCC02}.Release|Any CPU.ActiveCfg = Release|Any CPU
		{E792E4F8-1332-4A60-AAFF-68C4E94BCC02}.Release|Any CPU.Build.0 = Release|Any CPU
		{DC7453D3-1B9A-40D8-AB49-4F605ED66755}.Debug|Any CPU.ActiveCfg = Debug|Any CPU
		{DC7453D3-1B9A-40D8-AB49-4F605ED66755}.Debug|Any CPU.Build.0 = Debug|Any CPU
		{DC7453D3-1B9A-40D8-AB49-4F605ED66755}.Release|Any CPU.ActiveCfg = Release|Any CPU
		{DC7453D3-1B9A-40D8-AB49-4F605ED66755}.Release|Any CPU.Build.0 = Release|Any CPU
	EndGlobalSection
	GlobalSection(SolutionProperties) = preSolution
		HideSolutionNode = FALSE
	EndGlobalSection
	GlobalSection(ExtensibilityGlobals) = postSolution
		SolutionGuid = {BEF43712-0BA2-4293-95FD-AFE49A72C156}
	EndGlobalSection
EndGlobal
