
Microsoft Visual Studio Solution File, Format Version 12.00
# Visual Studio 15
VisualStudioVersion = 15.0.28307.271
MinimumVisualStudioVersion = 10.0.40219.1
Project("{FAE04EC0-301F-11D3-BF4B-00C04F79EFBC}") = "GoogleSearches", "GoogleSearches\GoogleSearches.csproj", "{B7C69552-4762-433A-A669-C5B43CD48F9B}"
EndProject
Global
	GlobalSection(SolutionConfigurationPlatforms) = preSolution
		Debug|Any CPU = Debug|Any CPU
		Release|Any CPU = Release|Any CPU
	EndGlobalSection
	GlobalSection(ProjectConfigurationPlatforms) = postSolution
		{B7C69552-4762-433A-A669-C5B43CD48F9B}.Debug|Any CPU.ActiveCfg = Debug|Any CPU
		{B7C69552-4762-433A-A669-C5B43CD48F9B}.Debug|Any CPU.Build.0 = Debug|Any CPU
		{B7C69552-4762-433A-A669-C5B43CD48F9B}.Release|Any CPU.ActiveCfg = Release|Any CPU
		{B7C69552-4762-433A-A669-C5B43CD48F9B}.Release|Any CPU.Build.0 = Release|Any CPU
	EndGlobalSection
	GlobalSection(SolutionProperties) = preSolution
		HideSolutionNode = FALSE
	EndGlobalSection
	GlobalSection(ExtensibilityGlobals) = postSolution
		SolutionGuid = {C39F755C-936A-42EB-9B41-58EDCCB149A9}
	EndGlobalSection
EndGlobal
