
Microsoft Visual Studio Solution File, Format Version 12.00
# Visual Studio 15
VisualStudioVersion = 15.0.28307.572
MinimumVisualStudioVersion = 10.0.40219.1
Project("{FAE04EC0-301F-11D3-BF4B-00C04F79EFBC}") = "BoxProblem", "BoxProblem\BoxProblem.csproj", "{16D3045C-E282-470A-A8C1-2FDD8B7692A8}"
EndProject
Project("{FAE04EC0-301F-11D3-BF4B-00C04F79EFBC}") = "GenericArrayCreator", "GenericArrayCreator\GenericArrayCreator.csproj", "{6FC7A0C9-547A-49C5-9664-40795CC52478}"
EndProject
Project("{FAE04EC0-301F-11D3-BF4B-00C04F79EFBC}") = "GenericsEqualityScale", "GenericsEqualityScale\GenericsEqualityScale.csproj", "{FFACE153-9662-40F1-AD07-38D9B14CBBDF}"
EndProject
Global
	GlobalSection(SolutionConfigurationPlatforms) = preSolution
		Debug|Any CPU = Debug|Any CPU
		Release|Any CPU = Release|Any CPU
	EndGlobalSection
	GlobalSection(ProjectConfigurationPlatforms) = postSolution
		{16D3045C-E282-470A-A8C1-2FDD8B7692A8}.Debug|Any CPU.ActiveCfg = Debug|Any CPU
		{16D3045C-E282-470A-A8C1-2FDD8B7692A8}.Debug|Any CPU.Build.0 = Debug|Any CPU
		{16D3045C-E282-470A-A8C1-2FDD8B7692A8}.Release|Any CPU.ActiveCfg = Release|Any CPU
		{16D3045C-E282-470A-A8C1-2FDD8B7692A8}.Release|Any CPU.Build.0 = Release|Any CPU
		{6FC7A0C9-547A-49C5-9664-40795CC52478}.Debug|Any CPU.ActiveCfg = Debug|Any CPU
		{6FC7A0C9-547A-49C5-9664-40795CC52478}.Debug|Any CPU.Build.0 = Debug|Any CPU
		{6FC7A0C9-547A-49C5-9664-40795CC52478}.Release|Any CPU.ActiveCfg = Release|Any CPU
		{6FC7A0C9-547A-49C5-9664-40795CC52478}.Release|Any CPU.Build.0 = Release|Any CPU
		{FFACE153-9662-40F1-AD07-38D9B14CBBDF}.Debug|Any CPU.ActiveCfg = Debug|Any CPU
		{FFACE153-9662-40F1-AD07-38D9B14CBBDF}.Debug|Any CPU.Build.0 = Debug|Any CPU
		{FFACE153-9662-40F1-AD07-38D9B14CBBDF}.Release|Any CPU.ActiveCfg = Release|Any CPU
		{FFACE153-9662-40F1-AD07-38D9B14CBBDF}.Release|Any CPU.Build.0 = Release|Any CPU
	EndGlobalSection
	GlobalSection(SolutionProperties) = preSolution
		HideSolutionNode = FALSE
	EndGlobalSection
	GlobalSection(ExtensibilityGlobals) = postSolution
		SolutionGuid = {0E493C63-CE6E-4AF2-94F1-0C70BA2C94B5}
	EndGlobalSection
EndGlobal
