
Microsoft Visual Studio Solution File, Format Version 12.00
# Visual Studio 15
VisualStudioVersion = 15.0.28307.572
MinimumVisualStudioVersion = 10.0.40219.1
Project("{9A19103F-16F7-4668-BE54-9A1E7A4F7556}") = "RhombusOfStars", "RhombusOfStars\RhombusOfStars.csproj", "{552E1D65-B5DD-480C-ABF4-0FA151B8D41E}"
EndProject
Project("{9A19103F-16F7-4668-BE54-9A1E7A4F7556}") = "PointInRectangle", "PointInRectangle\PointInRectangle.csproj", "{53ECAC05-F6B7-400B-AC4C-56379D196707}"
EndProject
Project("{FAE04EC0-301F-11D3-BF4B-00C04F79EFBC}") = "HotelReservation", "HotelReservation\HotelReservation.csproj", "{2DEE0AF1-BE23-486A-8554-A22ADEA71FB0}"
EndProject
Global
	GlobalSection(SolutionConfigurationPlatforms) = preSolution
		Debug|Any CPU = Debug|Any CPU
		Release|Any CPU = Release|Any CPU
	EndGlobalSection
	GlobalSection(ProjectConfigurationPlatforms) = postSolution
		{552E1D65-B5DD-480C-ABF4-0FA151B8D41E}.Debug|Any CPU.ActiveCfg = Debug|Any CPU
		{552E1D65-B5DD-480C-ABF4-0FA151B8D41E}.Debug|Any CPU.Build.0 = Debug|Any CPU
		{552E1D65-B5DD-480C-ABF4-0FA151B8D41E}.Release|Any CPU.ActiveCfg = Release|Any CPU
		{552E1D65-B5DD-480C-ABF4-0FA151B8D41E}.Release|Any CPU.Build.0 = Release|Any CPU
		{53ECAC05-F6B7-400B-AC4C-56379D196707}.Debug|Any CPU.ActiveCfg = Debug|Any CPU
		{53ECAC05-F6B7-400B-AC4C-56379D196707}.Debug|Any CPU.Build.0 = Debug|Any CPU
		{53ECAC05-F6B7-400B-AC4C-56379D196707}.Release|Any CPU.ActiveCfg = Release|Any CPU
		{53ECAC05-F6B7-400B-AC4C-56379D196707}.Release|Any CPU.Build.0 = Release|Any CPU
		{2DEE0AF1-BE23-486A-8554-A22ADEA71FB0}.Debug|Any CPU.ActiveCfg = Debug|Any CPU
		{2DEE0AF1-BE23-486A-8554-A22ADEA71FB0}.Debug|Any CPU.Build.0 = Debug|Any CPU
		{2DEE0AF1-BE23-486A-8554-A22ADEA71FB0}.Release|Any CPU.ActiveCfg = Release|Any CPU
		{2DEE0AF1-BE23-486A-8554-A22ADEA71FB0}.Release|Any CPU.Build.0 = Release|Any CPU
	EndGlobalSection
	GlobalSection(SolutionProperties) = preSolution
		HideSolutionNode = FALSE
	EndGlobalSection
	GlobalSection(ExtensibilityGlobals) = postSolution
		SolutionGuid = {CAE965FC-147A-49A7-ADAD-DA4E505A835C}
	EndGlobalSection
EndGlobal
