
Microsoft Visual Studio Solution File, Format Version 12.00
# Visual Studio 15
VisualStudioVersion = 15.0.28307.271
MinimumVisualStudioVersion = 10.0.40219.1
Project("{FAE04EC0-301F-11D3-BF4B-00C04F79EFBC}") = "PartyProfit", "PartyProfit\PartyProfit.csproj", "{05FF080E-2984-4D21-9D0B-668DB400F1DE}"
EndProject
Project("{FAE04EC0-301F-11D3-BF4B-00C04F79EFBC}") = "DungeonestDark", "DungeonestDark\DungeonestDark.csproj", "{D7A014BE-7133-4FC4-891B-645B9558729F}"
EndProject
Project("{FAE04EC0-301F-11D3-BF4B-00C04F79EFBC}") = "QuestsJournal", "QuestsJournal\QuestsJournal.csproj", "{996E6ED5-60F6-4592-BC6F-7AD4096D0671}"
EndProject
Project("{FAE04EC0-301F-11D3-BF4B-00C04F79EFBC}") = "test", "test\test.csproj", "{22DC45F2-67D7-41D8-89CF-C4C7793DA5E6}"
EndProject
Global
	GlobalSection(SolutionConfigurationPlatforms) = preSolution
		Debug|Any CPU = Debug|Any CPU
		Release|Any CPU = Release|Any CPU
	EndGlobalSection
	GlobalSection(ProjectConfigurationPlatforms) = postSolution
		{05FF080E-2984-4D21-9D0B-668DB400F1DE}.Debug|Any CPU.ActiveCfg = Debug|Any CPU
		{05FF080E-2984-4D21-9D0B-668DB400F1DE}.Debug|Any CPU.Build.0 = Debug|Any CPU
		{05FF080E-2984-4D21-9D0B-668DB400F1DE}.Release|Any CPU.ActiveCfg = Release|Any CPU
		{05FF080E-2984-4D21-9D0B-668DB400F1DE}.Release|Any CPU.Build.0 = Release|Any CPU
		{D7A014BE-7133-4FC4-891B-645B9558729F}.Debug|Any CPU.ActiveCfg = Debug|Any CPU
		{D7A014BE-7133-4FC4-891B-645B9558729F}.Debug|Any CPU.Build.0 = Debug|Any CPU
		{D7A014BE-7133-4FC4-891B-645B9558729F}.Release|Any CPU.ActiveCfg = Release|Any CPU
		{D7A014BE-7133-4FC4-891B-645B9558729F}.Release|Any CPU.Build.0 = Release|Any CPU
		{996E6ED5-60F6-4592-BC6F-7AD4096D0671}.Debug|Any CPU.ActiveCfg = Debug|Any CPU
		{996E6ED5-60F6-4592-BC6F-7AD4096D0671}.Debug|Any CPU.Build.0 = Debug|Any CPU
		{996E6ED5-60F6-4592-BC6F-7AD4096D0671}.Release|Any CPU.ActiveCfg = Release|Any CPU
		{996E6ED5-60F6-4592-BC6F-7AD4096D0671}.Release|Any CPU.Build.0 = Release|Any CPU
		{22DC45F2-67D7-41D8-89CF-C4C7793DA5E6}.Debug|Any CPU.ActiveCfg = Debug|Any CPU
		{22DC45F2-67D7-41D8-89CF-C4C7793DA5E6}.Debug|Any CPU.Build.0 = Debug|Any CPU
		{22DC45F2-67D7-41D8-89CF-C4C7793DA5E6}.Release|Any CPU.ActiveCfg = Release|Any CPU
		{22DC45F2-67D7-41D8-89CF-C4C7793DA5E6}.Release|Any CPU.Build.0 = Release|Any CPU
	EndGlobalSection
	GlobalSection(SolutionProperties) = preSolution
		HideSolutionNode = FALSE
	EndGlobalSection
	GlobalSection(ExtensibilityGlobals) = postSolution
		SolutionGuid = {C5F4FF3A-2187-4897-8C1A-DD6FD14AB7C7}
	EndGlobalSection
EndGlobal
