
Microsoft Visual Studio Solution File, Format Version 12.00
# Visual Studio 15
VisualStudioVersion = 15.0.28307.572
MinimumVisualStudioVersion = 10.0.40219.1
Project("{FAE04EC0-301F-11D3-BF4B-00C04F79EFBC}") = "ClubParty", "ClubParty\ClubParty.csproj", "{BAE4C7BA-DFE7-4620-A348-439F8D98A074}"
EndProject
Project("{FAE04EC0-301F-11D3-BF4B-00C04F79EFBC}") = "TronRacers", "TronRacers\TronRacers.csproj", "{7DF835A2-2C10-402A-9B88-131B9E271026}"
EndProject
Global
	GlobalSection(SolutionConfigurationPlatforms) = preSolution
		Debug|Any CPU = Debug|Any CPU
		Release|Any CPU = Release|Any CPU
	EndGlobalSection
	GlobalSection(ProjectConfigurationPlatforms) = postSolution
		{BAE4C7BA-DFE7-4620-A348-439F8D98A074}.Debug|Any CPU.ActiveCfg = Debug|Any CPU
		{BAE4C7BA-DFE7-4620-A348-439F8D98A074}.Debug|Any CPU.Build.0 = Debug|Any CPU
		{BAE4C7BA-DFE7-4620-A348-439F8D98A074}.Release|Any CPU.ActiveCfg = Release|Any CPU
		{BAE4C7BA-DFE7-4620-A348-439F8D98A074}.Release|Any CPU.Build.0 = Release|Any CPU
		{7DF835A2-2C10-402A-9B88-131B9E271026}.Debug|Any CPU.ActiveCfg = Debug|Any CPU
		{7DF835A2-2C10-402A-9B88-131B9E271026}.Debug|Any CPU.Build.0 = Debug|Any CPU
		{7DF835A2-2C10-402A-9B88-131B9E271026}.Release|Any CPU.ActiveCfg = Release|Any CPU
		{7DF835A2-2C10-402A-9B88-131B9E271026}.Release|Any CPU.Build.0 = Release|Any CPU
	EndGlobalSection
	GlobalSection(SolutionProperties) = preSolution
		HideSolutionNode = FALSE
	EndGlobalSection
	GlobalSection(ExtensibilityGlobals) = postSolution
		SolutionGuid = {CDBE9771-B9AB-44CF-A1E0-156D720B6459}
	EndGlobalSection
EndGlobal
